
Microsoft Visual Studio Solution File, Format Version 12.00
# Visual Studio Version 17
VisualStudioVersion = 17.13.35931.197 d17.13
MinimumVisualStudioVersion = 10.0.40219.1
Project("{2150E333-8FDC-42A3-9474-1A3956D46DE8}") = "src", "src", "{02EA681E-C7D8-13C7-8484-4AC65E1B71E8}"
EndProject
Project("{2150E333-8FDC-42A3-9474-1A3956D46DE8}") = "tests", "tests", "{9A7B12EA-1C60-4FB4-9570-AB1D812BEE72}"
EndProject
Project("{FAE04EC0-301F-11D3-BF4B-00C04F79EFBC}") = "S627.PFIES.Api", "src\S627.PFIES.Api\S627.PFIES.Api.csproj", "{5C14E139-5FDD-4DF3-979C-B5B1A8F6ECAE}"
EndProject
Project("{FAE04EC0-301F-11D3-BF4B-00C04F79EFBC}") = "S627.PFIES.Domain", "src\S627.PFIES.Domain\S627.PFIES.Domain.csproj", "{612F232E-5488-4473-AD72-096817FAFAD1}"
EndProject
Project("{FAE04EC0-301F-11D3-BF4B-00C04F79EFBC}") = "S627.PFIES.Application", "src\S627.PFIES.Application\S627.PFIES.Application.csproj", "{80100B18-337D-46BD-AE8C-0A60BFBC7D95}"
EndProject
Project("{FAE04EC0-301F-11D3-BF4B-00C04F79EFBC}") = "S627.PFIES.Communication", "src\S627.PFIES.Communication\S627.PFIES.Communication.csproj", "{63424551-2A57-455A-9920-61BF91DF5938}"
EndProject
Project("{FAE04EC0-301F-11D3-BF4B-00C04F79EFBC}") = "S627.PFIES.Exception", "src\S627.PFIES.Exception\S627.PFIES.Exception.csproj", "{6E9B9996-EF03-483B-A810-1B3576B881FF}"
EndProject
Project("{FAE04EC0-301F-11D3-BF4B-00C04F79EFBC}") = "S627.PFIES.Infrastructure", "src\S627.PFIES.Infrastructure\S627.PFIES.Infrastructure.csproj", "{7A7DD1A7-0645-4E4D-B868-4F130219F804}"
EndProject
Global
	GlobalSection(SolutionConfigurationPlatforms) = preSolution
		Debug|Any CPU = Debug|Any CPU
		Release|Any CPU = Release|Any CPU
	EndGlobalSection
	GlobalSection(ProjectConfigurationPlatforms) = postSolution
		{5C14E139-5FDD-4DF3-979C-B5B1A8F6ECAE}.Debug|Any CPU.ActiveCfg = Debug|Any CPU
		{5C14E139-5FDD-4DF3-979C-B5B1A8F6ECAE}.Debug|Any CPU.Build.0 = Debug|Any CPU
		{5C14E139-5FDD-4DF3-979C-B5B1A8F6ECAE}.Release|Any CPU.ActiveCfg = Release|Any CPU
		{5C14E139-5FDD-4DF3-979C-B5B1A8F6ECAE}.Release|Any CPU.Build.0 = Release|Any CPU
		{612F232E-5488-4473-AD72-096817FAFAD1}.Debug|Any CPU.ActiveCfg = Debug|Any CPU
		{612F232E-5488-4473-AD72-096817FAFAD1}.Debug|Any CPU.Build.0 = Debug|Any CPU
		{612F232E-5488-4473-AD72-096817FAFAD1}.Release|Any CPU.ActiveCfg = Release|Any CPU
		{612F232E-5488-4473-AD72-096817FAFAD1}.Release|Any CPU.Build.0 = Release|Any CPU
		{80100B18-337D-46BD-AE8C-0A60BFBC7D95}.Debug|Any CPU.ActiveCfg = Debug|Any CPU
		{80100B18-337D-46BD-AE8C-0A60BFBC7D95}.Debug|Any CPU.Build.0 = Debug|Any CPU
		{80100B18-337D-46BD-AE8C-0A60BFBC7D95}.Release|Any CPU.ActiveCfg = Release|Any CPU
		{80100B18-337D-46BD-AE8C-0A60BFBC7D95}.Release|Any CPU.Build.0 = Release|Any CPU
		{63424551-2A57-455A-9920-61BF91DF5938}.Debug|Any CPU.ActiveCfg = Debug|Any CPU
		{63424551-2A57-455A-9920-61BF91DF5938}.Debug|Any CPU.Build.0 = Debug|Any CPU
		{63424551-2A57-455A-9920-61BF91DF5938}.Release|Any CPU.ActiveCfg = Release|Any CPU
		{63424551-2A57-455A-9920-61BF91DF5938}.Release|Any CPU.Build.0 = Release|Any CPU
		{6E9B9996-EF03-483B-A810-1B3576B881FF}.Debug|Any CPU.ActiveCfg = Debug|Any CPU
		{6E9B9996-EF03-483B-A810-1B3576B881FF}.Debug|Any CPU.Build.0 = Debug|Any CPU
		{6E9B9996-EF03-483B-A810-1B3576B881FF}.Release|Any CPU.ActiveCfg = Release|Any CPU
		{6E9B9996-EF03-483B-A810-1B3576B881FF}.Release|Any CPU.Build.0 = Release|Any CPU
		{7A7DD1A7-0645-4E4D-B868-4F130219F804}.Debug|Any CPU.ActiveCfg = Debug|Any CPU
		{7A7DD1A7-0645-4E4D-B868-4F130219F804}.Debug|Any CPU.Build.0 = Debug|Any CPU
		{7A7DD1A7-0645-4E4D-B868-4F130219F804}.Release|Any CPU.ActiveCfg = Release|Any CPU
		{7A7DD1A7-0645-4E4D-B868-4F130219F804}.Release|Any CPU.Build.0 = Release|Any CPU
	EndGlobalSection
	GlobalSection(SolutionProperties) = preSolution
		HideSolutionNode = FALSE
	EndGlobalSection
	GlobalSection(NestedProjects) = preSolution
		{5C14E139-5FDD-4DF3-979C-B5B1A8F6ECAE} = {02EA681E-C7D8-13C7-8484-4AC65E1B71E8}
		{612F232E-5488-4473-AD72-096817FAFAD1} = {02EA681E-C7D8-13C7-8484-4AC65E1B71E8}
		{80100B18-337D-46BD-AE8C-0A60BFBC7D95} = {02EA681E-C7D8-13C7-8484-4AC65E1B71E8}
		{63424551-2A57-455A-9920-61BF91DF5938} = {02EA681E-C7D8-13C7-8484-4AC65E1B71E8}
		{6E9B9996-EF03-483B-A810-1B3576B881FF} = {02EA681E-C7D8-13C7-8484-4AC65E1B71E8}
		{7A7DD1A7-0645-4E4D-B868-4F130219F804} = {02EA681E-C7D8-13C7-8484-4AC65E1B71E8}
	EndGlobalSection
	GlobalSection(ExtensibilityGlobals) = postSolution
		SolutionGuid = {B4FD91E4-3258-4393-A8E7-F1975C6352BE}
	EndGlobalSection
EndGlobal
